
Microsoft Visual Studio Solution File, Format Version 12.00
# Visual Studio 14
VisualStudioVersion = 14.0.25420.1
MinimumVisualStudioVersion = 10.0.40219.1
Project("{FAE04EC0-301F-11D3-BF4B-00C04F79EFBC}") = "1 задание", "1 задание\1 задание.csproj", "{BD89B296-6DD2-4B4F-83AF-466C24D2BD19}"
EndProject
Project("{FAE04EC0-301F-11D3-BF4B-00C04F79EFBC}") = "2", "2\2.csproj", "{95FCC101-D17C-4824-8D38-02CACE22747E}"
EndProject
Project("{FAE04EC0-301F-11D3-BF4B-00C04F79EFBC}") = "3", "3\3.csproj", "{8D980D8B-F362-41B6-A6C7-F2549EEE1008}"
EndProject
Project("{FAE04EC0-301F-11D3-BF4B-00C04F79EFBC}") = "4", "4\4.csproj", "{CD680893-3AA3-413D-9434-B180AB39E829}"
EndProject
Project("{FAE04EC0-301F-11D3-BF4B-00C04F79EFBC}") = "5", "5\5.csproj", "{A4896592-73B4-4332-80E6-BDA8E28F0537}"
EndProject
Project("{FAE04EC0-301F-11D3-BF4B-00C04F79EFBC}") = "6", "6\6.csproj", "{138909B7-09A3-4439-8B98-4E8EC55F1081}"
EndProject
Project("{FAE04EC0-301F-11D3-BF4B-00C04F79EFBC}") = "7", "7\7.csproj", "{0241C671-F4C4-4A61-BF91-BA9B58A29DF4}"
EndProject
Project("{FAE04EC0-301F-11D3-BF4B-00C04F79EFBC}") = "8", "8\8.csproj", "{502D783C-C783-43A8-AA0A-98A66422443D}"
EndProject
Project("{FAE04EC0-301F-11D3-BF4B-00C04F79EFBC}") = "9", "9\9.csproj", "{1F66D102-7677-4DF4-A326-D0B0725D31B4}"
EndProject
Project("{FAE04EC0-301F-11D3-BF4B-00C04F79EFBC}") = "10", "10\10.csproj", "{46471272-83C3-425D-8030-0625F984C2D3}"
EndProject
Project("{FAE04EC0-301F-11D3-BF4B-00C04F79EFBC}") = "11", "11\11.csproj", "{AE0FA917-CC84-4B5E-8DA1-FFDC5C4D251E}"
EndProject
Project("{FAE04EC0-301F-11D3-BF4B-00C04F79EFBC}") = "12", "12\12.csproj", "{2D560E4D-2F8F-43B1-8459-4EE6D5DA065F}"
EndProject
Project("{FAE04EC0-301F-11D3-BF4B-00C04F79EFBC}") = "13", "13\13.csproj", "{3ECA2E32-116A-4D71-9244-49ECDB5F3F17}"
EndProject
Project("{FAE04EC0-301F-11D3-BF4B-00C04F79EFBC}") = "14", "14\14.csproj", "{841C4523-A44C-4001-8F9C-90A645FB3656}"
EndProject
Project("{FAE04EC0-301F-11D3-BF4B-00C04F79EFBC}") = "15", "15\15.csproj", "{450395CC-D039-4CDC-908A-BABB613268A5}"
EndProject
Project("{FAE04EC0-301F-11D3-BF4B-00C04F79EFBC}") = "16", "16\16.csproj", "{091819A0-6E45-45F1-B6DB-A46BB442B0E3}"
EndProject
Project("{FAE04EC0-301F-11D3-BF4B-00C04F79EFBC}") = "17", "17\17.csproj", "{6FE4501B-CD92-440C-9C81-F9AC85481A26}"
EndProject
Project("{FAE04EC0-301F-11D3-BF4B-00C04F79EFBC}") = "18", "18\18.csproj", "{433E2003-0E33-4CB5-8EB2-C3CEE716AB28}"
EndProject
Project("{FAE04EC0-301F-11D3-BF4B-00C04F79EFBC}") = "19", "19\19.csproj", "{855A8FFF-4DC2-4FEF-ACC1-DDD6C3C68E04}"
EndProject
Project("{FAE04EC0-301F-11D3-BF4B-00C04F79EFBC}") = "20", "20\20.csproj", "{80CC3EDB-B08B-42CF-8825-7CEBB0AE1399}"
EndProject
Project("{FAE04EC0-301F-11D3-BF4B-00C04F79EFBC}") = "21", "21\21.csproj", "{5830559A-55ED-467D-9576-5AB359684515}"
EndProject
Project("{FAE04EC0-301F-11D3-BF4B-00C04F79EFBC}") = "22", "22\22.csproj", "{86ADFD21-BAFC-48EC-9AAD-65E8C471945E}"
EndProject
Project("{FAE04EC0-301F-11D3-BF4B-00C04F79EFBC}") = "23", "23\23.csproj", "{9A516AF6-4D61-4D34-95ED-0422D6283C55}"
EndProject
Project("{FAE04EC0-301F-11D3-BF4B-00C04F79EFBC}") = "24", "24\24.csproj", "{D60CF62B-5B02-4F4B-B724-269CF5E4FF73}"
EndProject
Project("{FAE04EC0-301F-11D3-BF4B-00C04F79EFBC}") = "25", "25\25.csproj", "{E1E47114-357D-4419-B037-EDD9A1721779}"
EndProject
Project("{FAE04EC0-301F-11D3-BF4B-00C04F79EFBC}") = "26", "26\26.csproj", "{821AD218-0BCD-407C-9DCE-92C970A34C0F}"
EndProject
Project("{FAE04EC0-301F-11D3-BF4B-00C04F79EFBC}") = "27", "27\27.csproj", "{C8AE1C28-B1E8-4800-8B10-568D4AB57FD9}"
EndProject
Global
	GlobalSection(SolutionConfigurationPlatforms) = preSolution
		Debug|Any CPU = Debug|Any CPU
		Release|Any CPU = Release|Any CPU
	EndGlobalSection
	GlobalSection(ProjectConfigurationPlatforms) = postSolution
		{BD89B296-6DD2-4B4F-83AF-466C24D2BD19}.Debug|Any CPU.ActiveCfg = Debug|Any CPU
		{BD89B296-6DD2-4B4F-83AF-466C24D2BD19}.Debug|Any CPU.Build.0 = Debug|Any CPU
		{BD89B296-6DD2-4B4F-83AF-466C24D2BD19}.Release|Any CPU.ActiveCfg = Release|Any CPU
		{BD89B296-6DD2-4B4F-83AF-466C24D2BD19}.Release|Any CPU.Build.0 = Release|Any CPU
		{95FCC101-D17C-4824-8D38-02CACE22747E}.Debug|Any CPU.ActiveCfg = Debug|Any CPU
		{95FCC101-D17C-4824-8D38-02CACE22747E}.Debug|Any CPU.Build.0 = Debug|Any CPU
		{95FCC101-D17C-4824-8D38-02CACE22747E}.Release|Any CPU.ActiveCfg = Release|Any CPU
		{95FCC101-D17C-4824-8D38-02CACE22747E}.Release|Any CPU.Build.0 = Release|Any CPU
		{8D980D8B-F362-41B6-A6C7-F2549EEE1008}.Debug|Any CPU.ActiveCfg = Debug|Any CPU
		{8D980D8B-F362-41B6-A6C7-F2549EEE1008}.Debug|Any CPU.Build.0 = Debug|Any CPU
		{8D980D8B-F362-41B6-A6C7-F2549EEE1008}.Release|Any CPU.ActiveCfg = Release|Any CPU
		{8D980D8B-F362-41B6-A6C7-F2549EEE1008}.Release|Any CPU.Build.0 = Release|Any CPU
		{CD680893-3AA3-413D-9434-B180AB39E829}.Debug|Any CPU.ActiveCfg = Debug|Any CPU
		{CD680893-3AA3-413D-9434-B180AB39E829}.Debug|Any CPU.Build.0 = Debug|Any CPU
		{CD680893-3AA3-413D-9434-B180AB39E829}.Release|Any CPU.ActiveCfg = Release|Any CPU
		{CD680893-3AA3-413D-9434-B180AB39E829}.Release|Any CPU.Build.0 = Release|Any CPU
		{A4896592-73B4-4332-80E6-BDA8E28F0537}.Debug|Any CPU.ActiveCfg = Debug|Any CPU
		{A4896592-73B4-4332-80E6-BDA8E28F0537}.Debug|Any CPU.Build.0 = Debug|Any CPU
		{A4896592-73B4-4332-80E6-BDA8E28F0537}.Release|Any CPU.ActiveCfg = Release|Any CPU
		{A4896592-73B4-4332-80E6-BDA8E28F0537}.Release|Any CPU.Build.0 = Release|Any CPU
		{138909B7-09A3-4439-8B98-4E8EC55F1081}.Debug|Any CPU.ActiveCfg = Debug|Any CPU
		{138909B7-09A3-4439-8B98-4E8EC55F1081}.Debug|Any CPU.Build.0 = Debug|Any CPU
		{138909B7-09A3-4439-8B98-4E8EC55F1081}.Release|Any CPU.ActiveCfg = Release|Any CPU
		{138909B7-09A3-4439-8B98-4E8EC55F1081}.Release|Any CPU.Build.0 = Release|Any CPU
		{0241C671-F4C4-4A61-BF91-BA9B58A29DF4}.Debug|Any CPU.ActiveCfg = Debug|Any CPU
		{0241C671-F4C4-4A61-BF91-BA9B58A29DF4}.Debug|Any CPU.Build.0 = Debug|Any CPU
		{0241C671-F4C4-4A61-BF91-BA9B58A29DF4}.Release|Any CPU.ActiveCfg = Release|Any CPU
		{0241C671-F4C4-4A61-BF91-BA9B58A29DF4}.Release|Any CPU.Build.0 = Release|Any CPU
		{502D783C-C783-43A8-AA0A-98A66422443D}.Debug|Any CPU.ActiveCfg = Debug|Any CPU
		{502D783C-C783-43A8-AA0A-98A66422443D}.Debug|Any CPU.Build.0 = Debug|Any CPU
		{502D783C-C783-43A8-AA0A-98A66422443D}.Release|Any CPU.ActiveCfg = Release|Any CPU
		{502D783C-C783-43A8-AA0A-98A66422443D}.Release|Any CPU.Build.0 = Release|Any CPU
		{1F66D102-7677-4DF4-A326-D0B0725D31B4}.Debug|Any CPU.ActiveCfg = Debug|Any CPU
		{1F66D102-7677-4DF4-A326-D0B0725D31B4}.Debug|Any CPU.Build.0 = Debug|Any CPU
		{1F66D102-7677-4DF4-A326-D0B0725D31B4}.Release|Any CPU.ActiveCfg = Release|Any CPU
		{1F66D102-7677-4DF4-A326-D0B0725D31B4}.Release|Any CPU.Build.0 = Release|Any CPU
		{46471272-83C3-425D-8030-0625F984C2D3}.Debug|Any CPU.ActiveCfg = Debug|Any CPU
		{46471272-83C3-425D-8030-0625F984C2D3}.Debug|Any CPU.Build.0 = Debug|Any CPU
		{46471272-83C3-425D-8030-0625F984C2D3}.Release|Any CPU.ActiveCfg = Release|Any CPU
		{46471272-83C3-425D-8030-0625F984C2D3}.Release|Any CPU.Build.0 = Release|Any CPU
		{AE0FA917-CC84-4B5E-8DA1-FFDC5C4D251E}.Debug|Any CPU.ActiveCfg = Debug|Any CPU
		{AE0FA917-CC84-4B5E-8DA1-FFDC5C4D251E}.Debug|Any CPU.Build.0 = Debug|Any CPU
		{AE0FA917-CC84-4B5E-8DA1-FFDC5C4D251E}.Release|Any CPU.ActiveCfg = Release|Any CPU
		{AE0FA917-CC84-4B5E-8DA1-FFDC5C4D251E}.Release|Any CPU.Build.0 = Release|Any CPU
		{2D560E4D-2F8F-43B1-8459-4EE6D5DA065F}.Debug|Any CPU.ActiveCfg = Debug|Any CPU
		{2D560E4D-2F8F-43B1-8459-4EE6D5DA065F}.Debug|Any CPU.Build.0 = Debug|Any CPU
		{2D560E4D-2F8F-43B1-8459-4EE6D5DA065F}.Release|Any CPU.ActiveCfg = Release|Any CPU
		{2D560E4D-2F8F-43B1-8459-4EE6D5DA065F}.Release|Any CPU.Build.0 = Release|Any CPU
		{3ECA2E32-116A-4D71-9244-49ECDB5F3F17}.Debug|Any CPU.ActiveCfg = Debug|Any CPU
		{3ECA2E32-116A-4D71-9244-49ECDB5F3F17}.Debug|Any CPU.Build.0 = Debug|Any CPU
		{3ECA2E32-116A-4D71-9244-49ECDB5F3F17}.Release|Any CPU.ActiveCfg = Release|Any CPU
		{3ECA2E32-116A-4D71-9244-49ECDB5F3F17}.Release|Any CPU.Build.0 = Release|Any CPU
		{841C4523-A44C-4001-8F9C-90A645FB3656}.Debug|Any CPU.ActiveCfg = Debug|Any CPU
		{841C4523-A44C-4001-8F9C-90A645FB3656}.Debug|Any CPU.Build.0 = Debug|Any CPU
		{841C4523-A44C-4001-8F9C-90A645FB3656}.Release|Any CPU.ActiveCfg = Release|Any CPU
		{841C4523-A44C-4001-8F9C-90A645FB3656}.Release|Any CPU.Build.0 = Release|Any CPU
		{450395CC-D039-4CDC-908A-BABB613268A5}.Debug|Any CPU.ActiveCfg = Debug|Any CPU
		{450395CC-D039-4CDC-908A-BABB613268A5}.Debug|Any CPU.Build.0 = Debug|Any CPU
		{450395CC-D039-4CDC-908A-BABB613268A5}.Release|Any CPU.ActiveCfg = Release|Any CPU
		{450395CC-D039-4CDC-908A-BABB613268A5}.Release|Any CPU.Build.0 = Release|Any CPU
		{091819A0-6E45-45F1-B6DB-A46BB442B0E3}.Debug|Any CPU.ActiveCfg = Debug|Any CPU
		{091819A0-6E45-45F1-B6DB-A46BB442B0E3}.Debug|Any CPU.Build.0 = Debug|Any CPU
		{091819A0-6E45-45F1-B6DB-A46BB442B0E3}.Release|Any CPU.ActiveCfg = Release|Any CPU
		{091819A0-6E45-45F1-B6DB-A46BB442B0E3}.Release|Any CPU.Build.0 = Release|Any CPU
		{6FE4501B-CD92-440C-9C81-F9AC85481A26}.Debug|Any CPU.ActiveCfg = Debug|Any CPU
		{6FE4501B-CD92-440C-9C81-F9AC85481A26}.Debug|Any CPU.Build.0 = Debug|Any CPU
		{6FE4501B-CD92-440C-9C81-F9AC85481A26}.Release|Any CPU.ActiveCfg = Release|Any CPU
		{6FE4501B-CD92-440C-9C81-F9AC85481A26}.Release|Any CPU.Build.0 = Release|Any CPU
		{433E2003-0E33-4CB5-8EB2-C3CEE716AB28}.Debug|Any CPU.ActiveCfg = Debug|Any CPU
		{433E2003-0E33-4CB5-8EB2-C3CEE716AB28}.Debug|Any CPU.Build.0 = Debug|Any CPU
		{433E2003-0E33-4CB5-8EB2-C3CEE716AB28}.Release|Any CPU.ActiveCfg = Release|Any CPU
		{433E2003-0E33-4CB5-8EB2-C3CEE716AB28}.Release|Any CPU.Build.0 = Release|Any CPU
		{855A8FFF-4DC2-4FEF-ACC1-DDD6C3C68E04}.Debug|Any CPU.ActiveCfg = Debug|Any CPU
		{855A8FFF-4DC2-4FEF-ACC1-DDD6C3C68E04}.Debug|Any CPU.Build.0 = Debug|Any CPU
		{855A8FFF-4DC2-4FEF-ACC1-DDD6C3C68E04}.Release|Any CPU.ActiveCfg = Release|Any CPU
		{855A8FFF-4DC2-4FEF-ACC1-DDD6C3C68E04}.Release|Any CPU.Build.0 = Release|Any CPU
		{80CC3EDB-B08B-42CF-8825-7CEBB0AE1399}.Debug|Any CPU.ActiveCfg = Debug|Any CPU
		{80CC3EDB-B08B-42CF-8825-7CEBB0AE1399}.Debug|Any CPU.Build.0 = Debug|Any CPU
		{80CC3EDB-B08B-42CF-8825-7CEBB0AE1399}.Release|Any CPU.ActiveCfg = Release|Any CPU
		{80CC3EDB-B08B-42CF-8825-7CEBB0AE1399}.Release|Any CPU.Build.0 = Release|Any CPU
		{5830559A-55ED-467D-9576-5AB359684515}.Debug|Any CPU.ActiveCfg = Debug|Any CPU
		{5830559A-55ED-467D-9576-5AB359684515}.Debug|Any CPU.Build.0 = Debug|Any CPU
		{5830559A-55ED-467D-9576-5AB359684515}.Release|Any CPU.ActiveCfg = Release|Any CPU
		{5830559A-55ED-467D-9576-5AB359684515}.Release|Any CPU.Build.0 = Release|Any CPU
		{86ADFD21-BAFC-48EC-9AAD-65E8C471945E}.Debug|Any CPU.ActiveCfg = Debug|Any CPU
		{86ADFD21-BAFC-48EC-9AAD-65E8C471945E}.Debug|Any CPU.Build.0 = Debug|Any CPU
		{86ADFD21-BAFC-48EC-9AAD-65E8C471945E}.Release|Any CPU.ActiveCfg = Release|Any CPU
		{86ADFD21-BAFC-48EC-9AAD-65E8C471945E}.Release|Any CPU.Build.0 = Release|Any CPU
		{9A516AF6-4D61-4D34-95ED-0422D6283C55}.Debug|Any CPU.ActiveCfg = Debug|Any CPU
		{9A516AF6-4D61-4D34-95ED-0422D6283C55}.Debug|Any CPU.Build.0 = Debug|Any CPU
		{9A516AF6-4D61-4D34-95ED-0422D6283C55}.Release|Any CPU.ActiveCfg = Release|Any CPU
		{9A516AF6-4D61-4D34-95ED-0422D6283C55}.Release|Any CPU.Build.0 = Release|Any CPU
		{D60CF62B-5B02-4F4B-B724-269CF5E4FF73}.Debug|Any CPU.ActiveCfg = Debug|Any CPU
		{D60CF62B-5B02-4F4B-B724-269CF5E4FF73}.Debug|Any CPU.Build.0 = Debug|Any CPU
		{D60CF62B-5B02-4F4B-B724-269CF5E4FF73}.Release|Any CPU.ActiveCfg = Release|Any CPU
		{D60CF62B-5B02-4F4B-B724-269CF5E4FF73}.Release|Any CPU.Build.0 = Release|Any CPU
		{E1E47114-357D-4419-B037-EDD9A1721779}.Debug|Any CPU.ActiveCfg = Debug|Any CPU
		{E1E47114-357D-4419-B037-EDD9A1721779}.Debug|Any CPU.Build.0 = Debug|Any CPU
		{E1E47114-357D-4419-B037-EDD9A1721779}.Release|Any CPU.ActiveCfg = Release|Any CPU
		{E1E47114-357D-4419-B037-EDD9A1721779}.Release|Any CPU.Build.0 = Release|Any CPU
		{821AD218-0BCD-407C-9DCE-92C970A34C0F}.Debug|Any CPU.ActiveCfg = Debug|Any CPU
		{821AD218-0BCD-407C-9DCE-92C970A34C0F}.Debug|Any CPU.Build.0 = Debug|Any CPU
		{821AD218-0BCD-407C-9DCE-92C970A34C0F}.Release|Any CPU.ActiveCfg = Release|Any CPU
		{821AD218-0BCD-407C-9DCE-92C970A34C0F}.Release|Any CPU.Build.0 = Release|Any CPU
		{C8AE1C28-B1E8-4800-8B10-568D4AB57FD9}.Debug|Any CPU.ActiveCfg = Debug|Any CPU
		{C8AE1C28-B1E8-4800-8B10-568D4AB57FD9}.Debug|Any CPU.Build.0 = Debug|Any CPU
		{C8AE1C28-B1E8-4800-8B10-568D4AB57FD9}.Release|Any CPU.ActiveCfg = Release|Any CPU
		{C8AE1C28-B1E8-4800-8B10-568D4AB57FD9}.Release|Any CPU.Build.0 = Release|Any CPU
	EndGlobalSection
	GlobalSection(SolutionProperties) = preSolution
		HideSolutionNode = FALSE
	EndGlobalSection
EndGlobal
